
Microsoft Visual Studio Solution File, Format Version 12.00
# Visual Studio Version 17
VisualStudioVersion = 17.9.34616.47
MinimumVisualStudioVersion = 10.0.40219.1
Project("{FAE04EC0-301F-11D3-BF4B-00C04F79EFBC}") = "TestApiWithJWT", "TestApiWithJWT\TestApiWithJWT.csproj", "{115BB12E-E4E3-476D-9252-D1C2BF124052}"
EndProject
Global
	GlobalSection(SolutionConfigurationPlatforms) = preSolution
		Debug|Any CPU = Debug|Any CPU
		Release|Any CPU = Release|Any CPU
	EndGlobalSection
	GlobalSection(ProjectConfigurationPlatforms) = postSolution
		{115BB12E-E4E3-476D-9252-D1C2BF124052}.Debug|Any CPU.ActiveCfg = Debug|Any CPU
		{115BB12E-E4E3-476D-9252-D1C2BF124052}.Debug|Any CPU.Build.0 = Debug|Any CPU
		{115BB12E-E4E3-476D-9252-D1C2BF124052}.Release|Any CPU.ActiveCfg = Release|Any CPU
		{115BB12E-E4E3-476D-9252-D1C2BF124052}.Release|Any CPU.Build.0 = Release|Any CPU
	EndGlobalSection
	GlobalSection(SolutionProperties) = preSolution
		HideSolutionNode = FALSE
	EndGlobalSection
	GlobalSection(ExtensibilityGlobals) = postSolution
		SolutionGuid = {3078613E-4C52-43DB-B737-65A1A5113D5D}
	EndGlobalSection
EndGlobal
